# This file is autogenerated, do not edit; changes may be undone by the next 'dep ensure'.


[[projects]]
  digest = "1:867be5f6a8d3bf4525390559899af512f48675932e2cc3cbaa2304e9c75fc1ba"
  name = "github.com/bradfitz/gomemcache"
  packages = ["memcache"]
  pruneopts = "UT"
  revision = "fb1f79c6b65acda83063cbc69f6bba1522558bfc"

[[projects]]
  branch = "master"
  digest = "1:63f8aff0001280e9cf11374de7b6b0d2544ea7ad412a65f640f18e5f5780b01e"
  name = "github.com/integralist/go-findroot"
  packages = ["find"]
  pruneopts = "UT"
  revision = "ac90681525dc30c2163cc606675922b7fdb9c041"

[solve-meta]
  analyzer-name = "dep"
  analyzer-version = 1
  input-imports = [
    "github.com/bradfitz/gomemcache/memcache",
    "github.com/integralist/go-findroot/find",
  ]
  solver-name = "gps-cdcl"
  solver-version = 1
